{
  "originHash" : "bf6b1cc7735fd0963253e4aeb12290b5990f0e595e4c167e3c69bcda707866c8",
  "pins" : [
    {
      "identity" : "ansi",
      "kind" : "remoteSourceControl",
      "location" : "https://github.com/leviouwendijk/ANSI",
      "state" : {
        "branch" : "master",
        "revision" : "073d9ca7870b688a312608acf14eae6ba052c0d6"
      }
    },
    {
      "identity" : "difference",
      "kind" : "remoteSourceControl",
      "location" : "https://github.com/leviouwendijk/Difference.git",
      "state" : {
        "branch" : "master",
        "revision" : "395508c460782f6ec334c842eaef3856a628874b"
      }
    }
  ],
  "version" : 3
}
